
Microsoft Visual Studio Solution File, Format Version 12.00
# Visual Studio Version 17
VisualStudioVersion = 17.0.31912.275
MinimumVisualStudioVersion = 10.0.40219.1
Project("{FAE04EC0-301F-11D3-BF4B-00C04F79EFBC}") = "QuestionsGame", "QuestionsGame\QuestionsGame.csproj", "{FAF48C33-AF23-4547-959A-BCD33A140947}"
EndProject
Global
	GlobalSection(SolutionConfigurationPlatforms) = preSolution
		Debug|Any CPU = Debug|Any CPU
		Release|Any CPU = Release|Any CPU
	EndGlobalSection
	GlobalSection(ProjectConfigurationPlatforms) = postSolution
		{FAF48C33-AF23-4547-959A-BCD33A140947}.Debug|Any CPU.ActiveCfg = Debug|Any CPU
		{FAF48C33-AF23-4547-959A-BCD33A140947}.Debug|Any CPU.Build.0 = Debug|Any CPU
		{FAF48C33-AF23-4547-959A-BCD33A140947}.Release|Any CPU.ActiveCfg = Release|Any CPU
		{FAF48C33-AF23-4547-959A-BCD33A140947}.Release|Any CPU.Build.0 = Release|Any CPU
	EndGlobalSection
	GlobalSection(SolutionProperties) = preSolution
		HideSolutionNode = FALSE
	EndGlobalSection
	GlobalSection(ExtensibilityGlobals) = postSolution
		SolutionGuid = {A657F93A-4470-4A01-90E3-E46117D4008D}
	EndGlobalSection
EndGlobal
